// !$*UTF8*$!
{
	archiveVersion = 1;
	classes = {
	};
	objectVersion = 46;
	objects = {

/* Begin PBXBuildFile section */
		80F3DBBB1628D153C52E5BBE /* Pods_mi_ios.framework in Frameworks */ = {isa = PBXBuildFile; fileRef = 758381DFA8151A2C78EF6065 /* Pods_mi_ios.framework */; };
		90D93274AF94E4CC8FC27030 /* Pods_mi_iosUITests.framework in Frameworks */ = {isa = PBXBuildFile; fileRef = 3B383533516777E704B1E03E /* Pods_mi_iosUITests.framework */; };
		A73A4F811EC7346B00DBC07C /* AppDelegate.swift in Sources */ = {isa = PBXBuildFile; fileRef = A73A4F801EC7346B00DBC07C /* AppDelegate.swift */; };
		A73A4F861EC7346B00DBC07C /* Main.storyboard in Resources */ = {isa = PBXBuildFile; fileRef = A73A4F841EC7346B00DBC07C /* Main.storyboard */; };
		A73A4F881EC7346B00DBC07C /* Assets.xcassets in Resources */ = {isa = PBXBuildFile; fileRef = A73A4F871EC7346B00DBC07C /* Assets.xcassets */; };
		A73A4F8B1EC7346B00DBC07C /* LaunchScreen.storyboard in Resources */ = {isa = PBXBuildFile; fileRef = A73A4F891EC7346B00DBC07C /* LaunchScreen.storyboard */; };
		A73A4F961EC7346B00DBC07C /* mi_iosTests.swift in Sources */ = {isa = PBXBuildFile; fileRef = A73A4F951EC7346B00DBC07C /* mi_iosTests.swift */; };
		A73A4FA11EC7346B00DBC07C /* mi_iosUITests.swift in Sources */ = {isa = PBXBuildFile; fileRef = A73A4FA01EC7346B00DBC07C /* mi_iosUITests.swift */; };
		A73A4FB21EC8A88000DBC07C /* GuideDetailViewController.swift in Sources */ = {isa = PBXBuildFile; fileRef = A73A4FAE1EC8A88000DBC07C /* GuideDetailViewController.swift */; };
		A73A4FB31EC8A88000DBC07C /* GuideDetailViewModel.swift in Sources */ = {isa = PBXBuildFile; fileRef = A73A4FAF1EC8A88000DBC07C /* GuideDetailViewModel.swift */; };
		A73A4FB41EC8A88000DBC07C /* PlacePost.swift in Sources */ = {isa = PBXBuildFile; fileRef = A73A4FB01EC8A88000DBC07C /* PlacePost.swift */; };
		A73A4FB51EC8A88000DBC07C /* AudioObject.swift in Sources */ = {isa = PBXBuildFile; fileRef = A73A4FB11EC8A88000DBC07C /* AudioObject.swift */; };
		A7B96D201EC8ABDE00037E56 /* GuideDetailCell.swift in Sources */ = {isa = PBXBuildFile; fileRef = A7B96D181EC8ABDE00037E56 /* GuideDetailCell.swift */; };
		A7B96D211EC8ABDE00037E56 /* GuideDetailImageCell.swift in Sources */ = {isa = PBXBuildFile; fileRef = A7B96D191EC8ABDE00037E56 /* GuideDetailImageCell.swift */; };
		A7B96D221EC8ABDE00037E56 /* GuideDetailAudioCell.swift in Sources */ = {isa = PBXBuildFile; fileRef = A7B96D1A1EC8ABDE00037E56 /* GuideDetailAudioCell.swift */; };
		A7B96D231EC8ABDE00037E56 /* GuideDetailVideoCell.swift in Sources */ = {isa = PBXBuildFile; fileRef = A7B96D1B1EC8ABDE00037E56 /* GuideDetailVideoCell.swift */; };
		A7B96D241EC8ABDE00037E56 /* GuideDetailImageCell.xib in Resources */ = {isa = PBXBuildFile; fileRef = A7B96D1C1EC8ABDE00037E56 /* GuideDetailImageCell.xib */; };
		A7B96D251EC8ABDE00037E56 /* GuideDetailAudioCell.xib in Resources */ = {isa = PBXBuildFile; fileRef = A7B96D1D1EC8ABDE00037E56 /* GuideDetailAudioCell.xib */; };
		A7B96D261EC8ABDE00037E56 /* GuideDetailVideoCell.xib in Resources */ = {isa = PBXBuildFile; fileRef = A7B96D1E1EC8ABDE00037E56 /* GuideDetailVideoCell.xib */; };
		A7B96D271EC8ABDE00037E56 /* CellAVPlayerViewController.swift in Sources */ = {isa = PBXBuildFile; fileRef = A7B96D1F1EC8ABDE00037E56 /* CellAVPlayerViewController.swift */; };
		A7B96D2F1EC8AC0400037E56 /* GuideViewController.swift in Sources */ = {isa = PBXBuildFile; fileRef = A7B96D291EC8AC0400037E56 /* GuideViewController.swift */; };
		A7B96D301EC8AC0400037E56 /* GuideViewModel.swift in Sources */ = {isa = PBXBuildFile; fileRef = A7B96D2A1EC8AC0400037E56 /* GuideViewModel.swift */; };
		A7B96D311EC8AC0400037E56 /* MarkerInfoWindow.swift in Sources */ = {isa = PBXBuildFile; fileRef = A7B96D2B1EC8AC0400037E56 /* MarkerInfoWindow.swift */; };
		A7B96D321EC8AC0400037E56 /* MarkerInfoWindowHistoricView.xib in Resources */ = {isa = PBXBuildFile; fileRef = A7B96D2C1EC8AC0400037E56 /* MarkerInfoWindowHistoricView.xib */; };
		A7B96D331EC8AC0400037E56 /* Place.swift in Sources */ = {isa = PBXBuildFile; fileRef = A7B96D2D1EC8AC0400037E56 /* Place.swift */; };
		A7B96D341EC8AC0400037E56 /* MarkerInfoWindowSightseeingView.xib in Resources */ = {isa = PBXBuildFile; fileRef = A7B96D2E1EC8AC0400037E56 /* MarkerInfoWindowSightseeingView.xib */; };
		A7B96D3D1EC8AC8C00037E56 /* Panorama.swift in Sources */ = {isa = PBXBuildFile; fileRef = A7B96D361EC8AC8C00037E56 /* Panorama.swift */; };
		A7B96D3E1EC8AC8C00037E56 /* PanoramaInfoPoint.swift in Sources */ = {isa = PBXBuildFile; fileRef = A7B96D371EC8AC8C00037E56 /* PanoramaInfoPoint.swift */; };
		A7B96D3F1EC8AC8C00037E56 /* PanoramaViewController.swift in Sources */ = {isa = PBXBuildFile; fileRef = A7B96D381EC8AC8C00037E56 /* PanoramaViewController.swift */; };
		A7B96D401EC8AC8C00037E56 /* PanoramaViewModel.swift in Sources */ = {isa = PBXBuildFile; fileRef = A7B96D391EC8AC8C00037E56 /* PanoramaViewModel.swift */; };
		A7B96D4C1EC8AE5000037E56 /* UIImageExtension.swift in Sources */ = {isa = PBXBuildFile; fileRef = A7B96D4A1EC8AE5000037E56 /* UIImageExtension.swift */; };
		A7B96D4D1EC8AE5000037E56 /* StringExtension.swift in Sources */ = {isa = PBXBuildFile; fileRef = A7B96D4B1EC8AE5000037E56 /* StringExtension.swift */; };
		A7B96D4F1EC8B07200037E56 /* GrayTheme.swift in Sources */ = {isa = PBXBuildFile; fileRef = A7B96D4E1EC8B07200037E56 /* GrayTheme.swift */; };
		A7B96D511EC8B09000037E56 /* Global.swift in Sources */ = {isa = PBXBuildFile; fileRef = A7B96D501EC8B09000037E56 /* Global.swift */; };
		A7B96D551EC8C6A600037E56 /* mont_blanc.mp3 in Resources */ = {isa = PBXBuildFile; fileRef = A7B96D541EC8C6A600037E56 /* mont_blanc.mp3 */; };
		A7B96D571EC8C7F500037E56 /* default.realm in Resources */ = {isa = PBXBuildFile; fileRef = A7B96D561EC8C7D700037E56 /* default.realm */; };
		A7B96D581EC8C7F800037E56 /* mont_blanc.mp4 in Resources */ = {isa = PBXBuildFile; fileRef = A7B96D531EC8C66D00037E56 /* mont_blanc.mp4 */; };
		C1FE447FF5C01179E5E6EEDC /* Pods_mi_iosTests.framework in Frameworks */ = {isa = PBXBuildFile; fileRef = 1E2DA9F2AB216B90D1165FE5 /* Pods_mi_iosTests.framework */; };
/* End PBXBuildFile section */

/* Begin PBXContainerItemProxy section */
		A73A4F921EC7346B00DBC07C /* PBXContainerItemProxy */ = {
			isa = PBXContainerItemProxy;
			containerPortal = A73A4F751EC7346B00DBC07C /* Project object */;
			proxyType = 1;
			remoteGlobalIDString = A73A4F7C1EC7346B00DBC07C;
			remoteInfo = "mi-ios";
		};
		A73A4F9D1EC7346B00DBC07C /* PBXContainerItemProxy */ = {
			isa = PBXContainerItemProxy;
			containerPortal = A73A4F751EC7346B00DBC07C /* Project object */;
			proxyType = 1;
			remoteGlobalIDString = A73A4F7C1EC7346B00DBC07C;
			remoteInfo = "mi-ios";
		};
/* End PBXContainerItemProxy section */

/* Begin PBXFileReference section */
		07D6EF26FAD15A62B4FBB64F /* Pods-mi-ios.debug.xcconfig */ = {isa = PBXFileReference; includeInIndex = 1; lastKnownFileType = text.xcconfig; name = "Pods-mi-ios.debug.xcconfig"; path = "Pods/Target Support Files/Pods-mi-ios/Pods-mi-ios.debug.xcconfig"; sourceTree = "<group>"; };
		1E2DA9F2AB216B90D1165FE5 /* Pods_mi_iosTests.framework */ = {isa = PBXFileReference; explicitFileType = wrapper.framework; includeInIndex = 0; path = Pods_mi_iosTests.framework; sourceTree = BUILT_PRODUCTS_DIR; };
		3B383533516777E704B1E03E /* Pods_mi_iosUITests.framework */ = {isa = PBXFileReference; explicitFileType = wrapper.framework; includeInIndex = 0; path = Pods_mi_iosUITests.framework; sourceTree = BUILT_PRODUCTS_DIR; };
		6799A0B8A92EAB27B05BB2E4 /* Pods-mi-iosUITests.release.xcconfig */ = {isa = PBXFileReference; includeInIndex = 1; lastKnownFileType = text.xcconfig; name = "Pods-mi-iosUITests.release.xcconfig"; path = "Pods/Target Support Files/Pods-mi-iosUITests/Pods-mi-iosUITests.release.xcconfig"; sourceTree = "<group>"; };
		758381DFA8151A2C78EF6065 /* Pods_mi_ios.framework */ = {isa = PBXFileReference; explicitFileType = wrapper.framework; includeInIndex = 0; path = Pods_mi_ios.framework; sourceTree = BUILT_PRODUCTS_DIR; };
		A73A4F7D1EC7346B00DBC07C /* mi-ios.app */ = {isa = PBXFileReference; explicitFileType = wrapper.application; includeInIndex = 0; path = "mi-ios.app"; sourceTree = BUILT_PRODUCTS_DIR; };
		A73A4F801EC7346B00DBC07C /* AppDelegate.swift */ = {isa = PBXFileReference; lastKnownFileType = sourcecode.swift; path = AppDelegate.swift; sourceTree = "<group>"; };
		A73A4F851EC7346B00DBC07C /* Base */ = {isa = PBXFileReference; lastKnownFileType = file.storyboard; name = Base; path = Base.lproj/Main.storyboard; sourceTree = "<group>"; };
		A73A4F871EC7346B00DBC07C /* Assets.xcassets */ = {isa = PBXFileReference; lastKnownFileType = folder.assetcatalog; path = Assets.xcassets; sourceTree = "<group>"; };
		A73A4F8A1EC7346B00DBC07C /* Base */ = {isa = PBXFileReference; lastKnownFileType = file.storyboard; name = Base; path = Base.lproj/LaunchScreen.storyboard; sourceTree = "<group>"; };
		A73A4F8C1EC7346B00DBC07C /* Info.plist */ = {isa = PBXFileReference; lastKnownFileType = text.plist.xml; path = Info.plist; sourceTree = "<group>"; };
		A73A4F911EC7346B00DBC07C /* mi-iosTests.xctest */ = {isa = PBXFileReference; explicitFileType = wrapper.cfbundle; includeInIndex = 0; path = "mi-iosTests.xctest"; sourceTree = BUILT_PRODUCTS_DIR; };
		A73A4F951EC7346B00DBC07C /* mi_iosTests.swift */ = {isa = PBXFileReference; lastKnownFileType = sourcecode.swift; path = mi_iosTests.swift; sourceTree = "<group>"; };
		A73A4F971EC7346B00DBC07C /* Info.plist */ = {isa = PBXFileReference; lastKnownFileType = text.plist.xml; path = Info.plist; sourceTree = "<group>"; };
		A73A4F9C1EC7346B00DBC07C /* mi-iosUITests.xctest */ = {isa = PBXFileReference; explicitFileType = wrapper.cfbundle; includeInIndex = 0; path = "mi-iosUITests.xctest"; sourceTree = BUILT_PRODUCTS_DIR; };
		A73A4FA01EC7346B00DBC07C /* mi_iosUITests.swift */ = {isa = PBXFileReference; lastKnownFileType = sourcecode.swift; path = mi_iosUITests.swift; sourceTree = "<group>"; };
		A73A4FA21EC7346B00DBC07C /* Info.plist */ = {isa = PBXFileReference; lastKnownFileType = text.plist.xml; path = Info.plist; sourceTree = "<group>"; };
		A73A4FAE1EC8A88000DBC07C /* GuideDetailViewController.swift */ = {isa = PBXFileReference; fileEncoding = 4; lastKnownFileType = sourcecode.swift; path = GuideDetailViewController.swift; sourceTree = "<group>"; };
		A73A4FAF1EC8A88000DBC07C /* GuideDetailViewModel.swift */ = {isa = PBXFileReference; fileEncoding = 4; lastKnownFileType = sourcecode.swift; path = GuideDetailViewModel.swift; sourceTree = "<group>"; };
		A73A4FB01EC8A88000DBC07C /* PlacePost.swift */ = {isa = PBXFileReference; fileEncoding = 4; lastKnownFileType = sourcecode.swift; path = PlacePost.swift; sourceTree = "<group>"; };
		A73A4FB11EC8A88000DBC07C /* AudioObject.swift */ = {isa = PBXFileReference; fileEncoding = 4; lastKnownFileType = sourcecode.swift; path = AudioObject.swift; sourceTree = "<group>"; };
		A7B96D181EC8ABDE00037E56 /* GuideDetailCell.swift */ = {isa = PBXFileReference; fileEncoding = 4; lastKnownFileType = sourcecode.swift; path = GuideDetailCell.swift; sourceTree = "<group>"; };
		A7B96D191EC8ABDE00037E56 /* GuideDetailImageCell.swift */ = {isa = PBXFileReference; fileEncoding = 4; lastKnownFileType = sourcecode.swift; path = GuideDetailImageCell.swift; sourceTree = "<group>"; };
		A7B96D1A1EC8ABDE00037E56 /* GuideDetailAudioCell.swift */ = {isa = PBXFileReference; fileEncoding = 4; lastKnownFileType = sourcecode.swift; path = GuideDetailAudioCell.swift; sourceTree = "<group>"; };
		A7B96D1B1EC8ABDE00037E56 /* GuideDetailVideoCell.swift */ = {isa = PBXFileReference; fileEncoding = 4; lastKnownFileType = sourcecode.swift; path = GuideDetailVideoCell.swift; sourceTree = "<group>"; };
		A7B96D1C1EC8ABDE00037E56 /* GuideDetailImageCell.xib */ = {isa = PBXFileReference; fileEncoding = 4; lastKnownFileType = file.xib; path = GuideDetailImageCell.xib; sourceTree = "<group>"; };
		A7B96D1D1EC8ABDE00037E56 /* GuideDetailAudioCell.xib */ = {isa = PBXFileReference; fileEncoding = 4; lastKnownFileType = file.xib; path = GuideDetailAudioCell.xib; sourceTree = "<group>"; };
		A7B96D1E1EC8ABDE00037E56 /* GuideDetailVideoCell.xib */ = {isa = PBXFileReference; fileEncoding = 4; lastKnownFileType = file.xib; path = GuideDetailVideoCell.xib; sourceTree = "<group>"; };
		A7B96D1F1EC8ABDE00037E56 /* CellAVPlayerViewController.swift */ = {isa = PBXFileReference; fileEncoding = 4; lastKnownFileType = sourcecode.swift; path = CellAVPlayerViewController.swift; sourceTree = "<group>"; };
		A7B96D291EC8AC0400037E56 /* GuideViewController.swift */ = {isa = PBXFileReference; fileEncoding = 4; lastKnownFileType = sourcecode.swift; path = GuideViewController.swift; sourceTree = "<group>"; };
		A7B96D2A1EC8AC0400037E56 /* GuideViewModel.swift */ = {isa = PBXFileReference; fileEncoding = 4; lastKnownFileType = sourcecode.swift; path = GuideViewModel.swift; sourceTree = "<group>"; };
		A7B96D2B1EC8AC0400037E56 /* MarkerInfoWindow.swift */ = {isa = PBXFileReference; fileEncoding = 4; lastKnownFileType = sourcecode.swift; path = MarkerInfoWindow.swift; sourceTree = "<group>"; };
		A7B96D2C1EC8AC0400037E56 /* MarkerInfoWindowHistoricView.xib */ = {isa = PBXFileReference; fileEncoding = 4; lastKnownFileType = file.xib; path = MarkerInfoWindowHistoricView.xib; sourceTree = "<group>"; };
		A7B96D2D1EC8AC0400037E56 /* Place.swift */ = {isa = PBXFileReference; fileEncoding = 4; lastKnownFileType = sourcecode.swift; path = Place.swift; sourceTree = "<group>"; };
		A7B96D2E1EC8AC0400037E56 /* MarkerInfoWindowSightseeingView.xib */ = {isa = PBXFileReference; fileEncoding = 4; lastKnownFileType = file.xib; path = MarkerInfoWindowSightseeingView.xib; sourceTree = "<group>"; };
		A7B96D361EC8AC8C00037E56 /* Panorama.swift */ = {isa = PBXFileReference; fileEncoding = 4; lastKnownFileType = sourcecode.swift; path = Panorama.swift; sourceTree = "<group>"; };
		A7B96D371EC8AC8C00037E56 /* PanoramaInfoPoint.swift */ = {isa = PBXFileReference; fileEncoding = 4; lastKnownFileType = sourcecode.swift; path = PanoramaInfoPoint.swift; sourceTree = "<group>"; };
		A7B96D381EC8AC8C00037E56 /* PanoramaViewController.swift */ = {isa = PBXFileReference; fileEncoding = 4; lastKnownFileType = sourcecode.swift; path = PanoramaViewController.swift; sourceTree = "<group>"; };
		A7B96D391EC8AC8C00037E56 /* PanoramaViewModel.swift */ = {isa = PBXFileReference; fileEncoding = 4; lastKnownFileType = sourcecode.swift; path = PanoramaViewModel.swift; sourceTree = "<group>"; };
		A7B96D481EC8AE0100037E56 /* mi-ios-Bridging-Header.h */ = {isa = PBXFileReference; lastKnownFileType = sourcecode.c.h; path = "mi-ios-Bridging-Header.h"; sourceTree = "<group>"; };
		A7B96D4A1EC8AE5000037E56 /* UIImageExtension.swift */ = {isa = PBXFileReference; fileEncoding = 4; lastKnownFileType = sourcecode.swift; path = UIImageExtension.swift; sourceTree = "<group>"; };
		A7B96D4B1EC8AE5000037E56 /* StringExtension.swift */ = {isa = PBXFileReference; fileEncoding = 4; lastKnownFileType = sourcecode.swift; path = StringExtension.swift; sourceTree = "<group>"; };
		A7B96D4E1EC8B07200037E56 /* GrayTheme.swift */ = {isa = PBXFileReference; fileEncoding = 4; lastKnownFileType = sourcecode.swift; path = GrayTheme.swift; sourceTree = "<group>"; };
		A7B96D501EC8B09000037E56 /* Global.swift */ = {isa = PBXFileReference; fileEncoding = 4; lastKnownFileType = sourcecode.swift; path = Global.swift; sourceTree = "<group>"; };
		A7B96D531EC8C66D00037E56 /* mont_blanc.mp4 */ = {isa = PBXFileReference; lastKnownFileType = file; path = mont_blanc.mp4; sourceTree = "<group>"; };
		A7B96D541EC8C6A600037E56 /* mont_blanc.mp3 */ = {isa = PBXFileReference; lastKnownFileType = audio.mp3; path = mont_blanc.mp3; sourceTree = "<group>"; };
		A7B96D561EC8C7D700037E56 /* default.realm */ = {isa = PBXFileReference; lastKnownFileType = file; path = default.realm; sourceTree = "<group>"; };
		A7B96D591EC8C91F00037E56 /* de */ = {isa = PBXFileReference; lastKnownFileType = text.plist.strings; name = de; path = de.lproj/Main.strings; sourceTree = "<group>"; };
		A7B96D5A1EC8C91F00037E56 /* de */ = {isa = PBXFileReference; lastKnownFileType = text.plist.strings; name = de; path = de.lproj/LaunchScreen.strings; sourceTree = "<group>"; };
		A7B96D5B1EC8C92400037E56 /* cs */ = {isa = PBXFileReference; lastKnownFileType = text.plist.strings; name = cs; path = cs.lproj/Main.strings; sourceTree = "<group>"; };
		A7B96D5C1EC8C92400037E56 /* cs */ = {isa = PBXFileReference; lastKnownFileType = text.plist.strings; name = cs; path = cs.lproj/LaunchScreen.strings; sourceTree = "<group>"; };
		BE232714397EF0FB76179819 /* Pods-mi-iosTests.release.xcconfig */ = {isa = PBXFileReference; includeInIndex = 1; lastKnownFileType = text.xcconfig; name = "Pods-mi-iosTests.release.xcconfig"; path = "Pods/Target Support Files/Pods-mi-iosTests/Pods-mi-iosTests.release.xcconfig"; sourceTree = "<group>"; };
		E400BCF5DDF467A700AC52A8 /* Pods-mi-iosTests.debug.xcconfig */ = {isa = PBXFileReference; includeInIndex = 1; lastKnownFileType = text.xcconfig; name = "Pods-mi-iosTests.debug.xcconfig"; path = "Pods/Target Support Files/Pods-mi-iosTests/Pods-mi-iosTests.debug.xcconfig"; sourceTree = "<group>"; };
		FAC367233225D54A41E9BD69 /* Pods-mi-iosUITests.debug.xcconfig */ = {isa = PBXFileReference; includeInIndex = 1; lastKnownFileType = text.xcconfig; name = "Pods-mi-iosUITests.debug.xcconfig"; path = "Pods/Target Support Files/Pods-mi-iosUITests/Pods-mi-iosUITests.debug.xcconfig"; sourceTree = "<group>"; };
		FB63F9A317A46CECAFF61BBA /* Pods-mi-ios.release.xcconfig */ = {isa = PBXFileReference; includeInIndex = 1; lastKnownFileType = text.xcconfig; name = "Pods-mi-ios.release.xcconfig"; path = "Pods/Target Support Files/Pods-mi-ios/Pods-mi-ios.release.xcconfig"; sourceTree = "<group>"; };
/* End PBXFileReference section */

/* Begin PBXFrameworksBuildPhase section */
		A73A4F7A1EC7346B00DBC07C /* Frameworks */ = {
			isa = PBXFrameworksBuildPhase;
			buildActionMask = 2147483647;
			files = (
				80F3DBBB1628D153C52E5BBE /* Pods_mi_ios.framework in Frameworks */,
			);
			runOnlyForDeploymentPostprocessing = 0;
		};
		A73A4F8E1EC7346B00DBC07C /* Frameworks */ = {
			isa = PBXFrameworksBuildPhase;
			buildActionMask = 2147483647;
			files = (
				C1FE447FF5C01179E5E6EEDC /* Pods_mi_iosTests.framework in Frameworks */,
			);
			runOnlyForDeploymentPostprocessing = 0;
		};
		A73A4F991EC7346B00DBC07C /* Frameworks */ = {
			isa = PBXFrameworksBuildPhase;
			buildActionMask = 2147483647;
			files = (
				90D93274AF94E4CC8FC27030 /* Pods_mi_iosUITests.framework in Frameworks */,
			);
			runOnlyForDeploymentPostprocessing = 0;
		};
/* End PBXFrameworksBuildPhase section */

/* Begin PBXGroup section */
		06E38359B1E704FE58069471 /* Pods */ = {
			isa = PBXGroup;
			children = (
				07D6EF26FAD15A62B4FBB64F /* Pods-mi-ios.debug.xcconfig */,
				FB63F9A317A46CECAFF61BBA /* Pods-mi-ios.release.xcconfig */,
				E400BCF5DDF467A700AC52A8 /* Pods-mi-iosTests.debug.xcconfig */,
				BE232714397EF0FB76179819 /* Pods-mi-iosTests.release.xcconfig */,
				FAC367233225D54A41E9BD69 /* Pods-mi-iosUITests.debug.xcconfig */,
				6799A0B8A92EAB27B05BB2E4 /* Pods-mi-iosUITests.release.xcconfig */,
			);
			name = Pods;
			sourceTree = "<group>";
		};
		57CBAF018B12C7956E41C608 /* Frameworks */ = {
			isa = PBXGroup;
			children = (
				758381DFA8151A2C78EF6065 /* Pods_mi_ios.framework */,
				1E2DA9F2AB216B90D1165FE5 /* Pods_mi_iosTests.framework */,
				3B383533516777E704B1E03E /* Pods_mi_iosUITests.framework */,
			);
			name = Frameworks;
			sourceTree = "<group>";
		};
		A73A4F741EC7346B00DBC07C = {
			isa = PBXGroup;
			children = (
				A73A4F7F1EC7346B00DBC07C /* mi-ios */,
				A73A4F941EC7346B00DBC07C /* mi-iosTests */,
				A73A4F9F1EC7346B00DBC07C /* mi-iosUITests */,
				A73A4F7E1EC7346B00DBC07C /* Products */,
				06E38359B1E704FE58069471 /* Pods */,
				57CBAF018B12C7956E41C608 /* Frameworks */,
			);
			sourceTree = "<group>";
		};
		A73A4F7E1EC7346B00DBC07C /* Products */ = {
			isa = PBXGroup;
			children = (
				A73A4F7D1EC7346B00DBC07C /* mi-ios.app */,
				A73A4F911EC7346B00DBC07C /* mi-iosTests.xctest */,
				A73A4F9C1EC7346B00DBC07C /* mi-iosUITests.xctest */,
			);
			name = Products;
			sourceTree = "<group>";
		};
		A73A4F7F1EC7346B00DBC07C /* mi-ios */ = {
			isa = PBXGroup;
			children = (
				A7B96D491EC8AE3E00037E56 /* Extensions */,
				A7B96D481EC8AE0100037E56 /* mi-ios-Bridging-Header.h */,
				A7B96D471EC8ADE600037E56 /* Migrations */,
				A7B96D461EC8ADDD00037E56 /* Translations */,
				A7B96D451EC8ADD500037E56 /* Video */,
				A7B96D441EC8ADCF00037E56 /* Audio */,
				A7B96D351EC8AC5700037E56 /* PanoramaView */,
				A7B96D281EC8ABF500037E56 /* GuideView */,
				A7B96D161EC8A93900037E56 /* GuideDetailView */,
				A7B96D4E1EC8B07200037E56 /* GrayTheme.swift */,
				A7B96D501EC8B09000037E56 /* Global.swift */,
				A73A4F801EC7346B00DBC07C /* AppDelegate.swift */,
				A73A4F841EC7346B00DBC07C /* Main.storyboard */,
				A73A4F871EC7346B00DBC07C /* Assets.xcassets */,
				A73A4F891EC7346B00DBC07C /* LaunchScreen.storyboard */,
				A73A4F8C1EC7346B00DBC07C /* Info.plist */,
			);
			path = "mi-ios";
			sourceTree = "<group>";
		};
		A73A4F941EC7346B00DBC07C /* mi-iosTests */ = {
			isa = PBXGroup;
			children = (
				A73A4F951EC7346B00DBC07C /* mi_iosTests.swift */,
				A73A4F971EC7346B00DBC07C /* Info.plist */,
			);
			path = "mi-iosTests";
			sourceTree = "<group>";
		};
		A73A4F9F1EC7346B00DBC07C /* mi-iosUITests */ = {
			isa = PBXGroup;
			children = (
				A73A4FA01EC7346B00DBC07C /* mi_iosUITests.swift */,
				A73A4FA21EC7346B00DBC07C /* Info.plist */,
			);
			path = "mi-iosUITests";
			sourceTree = "<group>";
		};
		A7B96D161EC8A93900037E56 /* GuideDetailView */ = {
			isa = PBXGroup;
			children = (
				A7B96D171EC8A96400037E56 /* GuideDetailCells */,
				A73A4FAE1EC8A88000DBC07C /* GuideDetailViewController.swift */,
				A73A4FAF1EC8A88000DBC07C /* GuideDetailViewModel.swift */,
				A73A4FB01EC8A88000DBC07C /* PlacePost.swift */,
				A73A4FB11EC8A88000DBC07C /* AudioObject.swift */,
			);
			name = GuideDetailView;
			sourceTree = "<group>";
		};
		A7B96D171EC8A96400037E56 /* GuideDetailCells */ = {
			isa = PBXGroup;
			children = (
				A7B96D181EC8ABDE00037E56 /* GuideDetailCell.swift */,
				A7B96D191EC8ABDE00037E56 /* GuideDetailImageCell.swift */,
				A7B96D1A1EC8ABDE00037E56 /* GuideDetailAudioCell.swift */,
				A7B96D1B1EC8ABDE00037E56 /* GuideDetailVideoCell.swift */,
				A7B96D1C1EC8ABDE00037E56 /* GuideDetailImageCell.xib */,
				A7B96D1D1EC8ABDE00037E56 /* GuideDetailAudioCell.xib */,
				A7B96D1E1EC8ABDE00037E56 /* GuideDetailVideoCell.xib */,
				A7B96D1F1EC8ABDE00037E56 /* CellAVPlayerViewController.swift */,
			);
			name = GuideDetailCells;
			sourceTree = "<group>";
		};
		A7B96D281EC8ABF500037E56 /* GuideView */ = {
			isa = PBXGroup;
			children = (
				A7B96D291EC8AC0400037E56 /* GuideViewController.swift */,
				A7B96D2A1EC8AC0400037E56 /* GuideViewModel.swift */,
				A7B96D2B1EC8AC0400037E56 /* MarkerInfoWindow.swift */,
				A7B96D2C1EC8AC0400037E56 /* MarkerInfoWindowHistoricView.xib */,
				A7B96D2D1EC8AC0400037E56 /* Place.swift */,
				A7B96D2E1EC8AC0400037E56 /* MarkerInfoWindowSightseeingView.xib */,
			);
			name = GuideView;
			sourceTree = "<group>";
		};
		A7B96D351EC8AC5700037E56 /* PanoramaView */ = {
			isa = PBXGroup;
			children = (
				A7B96D361EC8AC8C00037E56 /* Panorama.swift */,
				A7B96D371EC8AC8C00037E56 /* PanoramaInfoPoint.swift */,
				A7B96D381EC8AC8C00037E56 /* PanoramaViewController.swift */,
				A7B96D391EC8AC8C00037E56 /* PanoramaViewModel.swift */,
			);
			name = PanoramaView;
			sourceTree = "<group>";
		};
		A7B96D441EC8ADCF00037E56 /* Audio */ = {
			isa = PBXGroup;
			children = (
				A7B96D541EC8C6A600037E56 /* mont_blanc.mp3 */,
			);
			name = Audio;
			sourceTree = "<group>";
		};
		A7B96D451EC8ADD500037E56 /* Video */ = {
			isa = PBXGroup;
			children = (
				A7B96D531EC8C66D00037E56 /* mont_blanc.mp4 */,
			);
			name = Video;
			sourceTree = "<group>";
		};
		A7B96D461EC8ADDD00037E56 /* Translations */ = {
			isa = PBXGroup;
			children = (
			);
			name = Translations;
			sourceTree = "<group>";
		};
		A7B96D471EC8ADE600037E56 /* Migrations */ = {
			isa = PBXGroup;
			children = (
				A7B96D561EC8C7D700037E56 /* default.realm */,
			);
			name = Migrations;
			sourceTree = "<group>";
		};
		A7B96D491EC8AE3E00037E56 /* Extensions */ = {
			isa = PBXGroup;
			children = (
				A7B96D4A1EC8AE5000037E56 /* UIImageExtension.swift */,
				A7B96D4B1EC8AE5000037E56 /* StringExtension.swift */,
			);
			name = Extensions;
			sourceTree = "<group>";
		};
/* End PBXGroup section */

/* Begin PBXNativeTarget section */
		A73A4F7C1EC7346B00DBC07C /* mi-ios */ = {
			isa = PBXNativeTarget;
			buildConfigurationList = A73A4FA51EC7346B00DBC07C /* Build configuration list for PBXNativeTarget "mi-ios" */;
			buildPhases = (
				0B322C31ADE30CBA83E3D58B /* [CP] Check Pods Manifest.lock */,
				A73A4F791EC7346B00DBC07C /* Sources */,
				A73A4F7A1EC7346B00DBC07C /* Frameworks */,
				A73A4F7B1EC7346B00DBC07C /* Resources */,
				1119C02367163F60D489BBCA /* [CP] Embed Pods Frameworks */,
				670C41656CA7E849F82CA79F /* [CP] Copy Pods Resources */,
			);
			buildRules = (
			);
			dependencies = (
			);
			name = "mi-ios";
			productName = "mi-ios";
			productReference = A73A4F7D1EC7346B00DBC07C /* mi-ios.app */;
			productType = "com.apple.product-type.application";
		};
		A73A4F901EC7346B00DBC07C /* mi-iosTests */ = {
			isa = PBXNativeTarget;
			buildConfigurationList = A73A4FA81EC7346B00DBC07C /* Build configuration list for PBXNativeTarget "mi-iosTests" */;
			buildPhases = (
				222468A94C4F66D56CE690E3 /* [CP] Check Pods Manifest.lock */,
				A73A4F8D1EC7346B00DBC07C /* Sources */,
				A73A4F8E1EC7346B00DBC07C /* Frameworks */,
				A73A4F8F1EC7346B00DBC07C /* Resources */,
				FE70450D2EB184F6C20688CC /* [CP] Embed Pods Frameworks */,
				5A9F2C0DDB63D90785FBAB28 /* [CP] Copy Pods Resources */,
			);
			buildRules = (
			);
			dependencies = (
				A73A4F931EC7346B00DBC07C /* PBXTargetDependency */,
			);
			name = "mi-iosTests";
			productName = "mi-iosTests";
			productReference = A73A4F911EC7346B00DBC07C /* mi-iosTests.xctest */;
			productType = "com.apple.product-type.bundle.unit-test";
		};
		A73A4F9B1EC7346B00DBC07C /* mi-iosUITests */ = {
			isa = PBXNativeTarget;
			buildConfigurationList = A73A4FAB1EC7346B00DBC07C /* Build configuration list for PBXNativeTarget "mi-iosUITests" */;
			buildPhases = (
				7A05A90D38C38A61EEBB29FC /* [CP] Check Pods Manifest.lock */,
				A73A4F981EC7346B00DBC07C /* Sources */,
				A73A4F991EC7346B00DBC07C /* Frameworks */,
				A73A4F9A1EC7346B00DBC07C /* Resources */,
				4C7FC3F6E863DDB98A82FB1F /* [CP] Embed Pods Frameworks */,
				0F38FA34BA2C41C0479B0359 /* [CP] Copy Pods Resources */,
			);
			buildRules = (
			);
			dependencies = (
				A73A4F9E1EC7346B00DBC07C /* PBXTargetDependency */,
			);
			name = "mi-iosUITests";
			productName = "mi-iosUITests";
			productReference = A73A4F9C1EC7346B00DBC07C /* mi-iosUITests.xctest */;
			productType = "com.apple.product-type.bundle.ui-testing";
		};
/* End PBXNativeTarget section */

/* Begin PBXProject section */
		A73A4F751EC7346B00DBC07C /* Project object */ = {
			isa = PBXProject;
			attributes = {
				LastSwiftUpdateCheck = 0830;
				LastUpgradeCheck = 0830;
				ORGANIZATIONNAME = "Jakub Holik";
				TargetAttributes = {
					A73A4F7C1EC7346B00DBC07C = {
						CreatedOnToolsVersion = 8.3.2;
						DevelopmentTeam = QJB9777F5W;
						ProvisioningStyle = Automatic;
					};
					A73A4F901EC7346B00DBC07C = {
						CreatedOnToolsVersion = 8.3.2;
						DevelopmentTeam = QJB9777F5W;
						ProvisioningStyle = Automatic;
						TestTargetID = A73A4F7C1EC7346B00DBC07C;
					};
					A73A4F9B1EC7346B00DBC07C = {
						CreatedOnToolsVersion = 8.3.2;
						DevelopmentTeam = QJB9777F5W;
						ProvisioningStyle = Automatic;
						TestTargetID = A73A4F7C1EC7346B00DBC07C;
					};
				};
			};
			buildConfigurationList = A73A4F781EC7346B00DBC07C /* Build configuration list for PBXProject "mi-ios" */;
			compatibilityVersion = "Xcode 3.2";
			developmentRegion = English;
			hasScannedForEncodings = 0;
			knownRegions = (
				en,
				Base,
			);
			mainGroup = A73A4F741EC7346B00DBC07C;
			productRefGroup = A73A4F7E1EC7346B00DBC07C /* Products */;
			projectDirPath = "";
			projectRoot = "";
			targets = (
				A73A4F7C1EC7346B00DBC07C /* mi-ios */,
				A73A4F901EC7346B00DBC07C /* mi-iosTests */,
				A73A4F9B1EC7346B00DBC07C /* mi-iosUITests */,
			);
		};
/* End PBXProject section */

/* Begin PBXResourcesBuildPhase section */
		A73A4F7B1EC7346B00DBC07C /* Resources */ = {
			isa = PBXResourcesBuildPhase;
			buildActionMask = 2147483647;
			files = (
				A7B96D581EC8C7F800037E56 /* mont_blanc.mp4 in Resources */,
				A7B96D571EC8C7F500037E56 /* default.realm in Resources */,
				A73A4F8B1EC7346B00DBC07C /* LaunchScreen.storyboard in Resources */,
				A7B96D241EC8ABDE00037E56 /* GuideDetailImageCell.xib in Resources */,
				A73A4F881EC7346B00DBC07C /* Assets.xcassets in Resources */,
				A7B96D261EC8ABDE00037E56 /* GuideDetailVideoCell.xib in Resources */,
				A7B96D321EC8AC0400037E56 /* MarkerInfoWindowHistoricView.xib in Resources */,
				A7B96D251EC8ABDE00037E56 /* GuideDetailAudioCell.xib in Resources */,
				A73A4F861EC7346B00DBC07C /* Main.storyboard in Resources */,
				A7B96D551EC8C6A600037E56 /* mont_blanc.mp3 in Resources */,
				A7B96D341EC8AC0400037E56 /* MarkerInfoWindowSightseeingView.xib in Resources */,
			);
			runOnlyForDeploymentPostprocessing = 0;
		};
		A73A4F8F1EC7346B00DBC07C /* Resources */ = {
			isa = PBXResourcesBuildPhase;
			buildActionMask = 2147483647;
			files = (
			);
			runOnlyForDeploymentPostprocessing = 0;
		};
		A73A4F9A1EC7346B00DBC07C /* Resources */ = {
			isa = PBXResourcesBuildPhase;
			buildActionMask = 2147483647;
			files = (
			);
			runOnlyForDeploymentPostprocessing = 0;
		};
/* End PBXResourcesBuildPhase section */

/* Begin PBXShellScriptBuildPhase section */
		0B322C31ADE30CBA83E3D58B /* [CP] Check Pods Manifest.lock */ = {
			isa = PBXShellScriptBuildPhase;
			buildActionMask = 2147483647;
			files = (
			);
			inputPaths = (
			);
			name = "[CP] Check Pods Manifest.lock";
			outputPaths = (
			);
			runOnlyForDeploymentPostprocessing = 0;
			shellPath = /bin/sh;
			shellScript = "diff \"${PODS_PODFILE_DIR_PATH}/Podfile.lock\" \"${PODS_ROOT}/Manifest.lock\" > /dev/null\nif [ $? != 0 ] ; then\n    # print error to STDERR\n    echo \"error: The sandbox is not in sync with the Podfile.lock. Run 'pod install' or update your CocoaPods installation.\" >&2\n    exit 1\nfi\n";
			showEnvVarsInLog = 0;
		};
		0F38FA34BA2C41C0479B0359 /* [CP] Copy Pods Resources */ = {
			isa = PBXShellScriptBuildPhase;
			buildActionMask = 2147483647;
			files = (
			);
			inputPaths = (
			);
			name = "[CP] Copy Pods Resources";
			outputPaths = (
			);
			runOnlyForDeploymentPostprocessing = 0;
			shellPath = /bin/sh;
			shellScript = "\"${SRCROOT}/Pods/Target Support Files/Pods-mi-iosUITests/Pods-mi-iosUITests-resources.sh\"\n";
			showEnvVarsInLog = 0;
		};
		1119C02367163F60D489BBCA /* [CP] Embed Pods Frameworks */ = {
			isa = PBXShellScriptBuildPhase;
			buildActionMask = 2147483647;
			files = (
			);
			inputPaths = (
			);
			name = "[CP] Embed Pods Frameworks";
			outputPaths = (
			);
			runOnlyForDeploymentPostprocessing = 0;
			shellPath = /bin/sh;
			shellScript = "\"${SRCROOT}/Pods/Target Support Files/Pods-mi-ios/Pods-mi-ios-frameworks.sh\"\n";
			showEnvVarsInLog = 0;
		};
		222468A94C4F66D56CE690E3 /* [CP] Check Pods Manifest.lock */ = {
			isa = PBXShellScriptBuildPhase;
			buildActionMask = 2147483647;
			files = (
			);
			inputPaths = (
			);
			name = "[CP] Check Pods Manifest.lock";
			outputPaths = (
			);
			runOnlyForDeploymentPostprocessing = 0;
			shellPath = /bin/sh;
			shellScript = "diff \"${PODS_PODFILE_DIR_PATH}/Podfile.lock\" \"${PODS_ROOT}/Manifest.lock\" > /dev/null\nif [ $? != 0 ] ; then\n    # print error to STDERR\n    echo \"error: The sandbox is not in sync with the Podfile.lock. Run 'pod install' or update your CocoaPods installation.\" >&2\n    exit 1\nfi\n";
			showEnvVarsInLog = 0;
		};
		4C7FC3F6E863DDB98A82FB1F /* [CP] Embed Pods Frameworks */ = {
			isa = PBXShellScriptBuildPhase;
			buildActionMask = 2147483647;
			files = (
			);
			inputPaths = (
			);
			name = "[CP] Embed Pods Frameworks";
			outputPaths = (
			);
			runOnlyForDeploymentPostprocessing = 0;
			shellPath = /bin/sh;
			shellScript = "\"${SRCROOT}/Pods/Target Support Files/Pods-mi-iosUITests/Pods-mi-iosUITests-frameworks.sh\"\n";
			showEnvVarsInLog = 0;
		};
		5A9F2C0DDB63D90785FBAB28 /* [CP] Copy Pods Resources */ = {
			isa = PBXShellScriptBuildPhase;
			buildActionMask = 2147483647;
			files = (
			);
			inputPaths = (
			);
			name = "[CP] Copy Pods Resources";
			outputPaths = (
			);
			runOnlyForDeploymentPostprocessing = 0;
			shellPath = /bin/sh;
			shellScript = "\"${SRCROOT}/Pods/Target Support Files/Pods-mi-iosTests/Pods-mi-iosTests-resources.sh\"\n";
			showEnvVarsInLog = 0;
		};
		670C41656CA7E849F82CA79F /* [CP] Copy Pods Resources */ = {
			isa = PBXShellScriptBuildPhase;
			buildActionMask = 2147483647;
			files = (
			);
			inputPaths = (
			);
			name = "[CP] Copy Pods Resources";
			outputPaths = (
			);
			runOnlyForDeploymentPostprocessing = 0;
			shellPath = /bin/sh;
			shellScript = "\"${SRCROOT}/Pods/Target Support Files/Pods-mi-ios/Pods-mi-ios-resources.sh\"\n";
			showEnvVarsInLog = 0;
		};
		7A05A90D38C38A61EEBB29FC /* [CP] Check Pods Manifest.lock */ = {
			isa = PBXShellScriptBuildPhase;
			buildActionMask = 2147483647;
			files = (
			);
			inputPaths = (
			);
			name = "[CP] Check Pods Manifest.lock";
			outputPaths = (
			);
			runOnlyForDeploymentPostprocessing = 0;
			shellPath = /bin/sh;
			shellScript = "diff \"${PODS_PODFILE_DIR_PATH}/Podfile.lock\" \"${PODS_ROOT}/Manifest.lock\" > /dev/null\nif [ $? != 0 ] ; then\n    # print error to STDERR\n    echo \"error: The sandbox is not in sync with the Podfile.lock. Run 'pod install' or update your CocoaPods installation.\" >&2\n    exit 1\nfi\n";
			showEnvVarsInLog = 0;
		};
		FE70450D2EB184F6C20688CC /* [CP] Embed Pods Frameworks */ = {
			isa = PBXShellScriptBuildPhase;
			buildActionMask = 2147483647;
			files = (
			);
			inputPaths = (
			);
			name = "[CP] Embed Pods Frameworks";
			outputPaths = (
			);
			runOnlyForDeploymentPostprocessing = 0;
			shellPath = /bin/sh;
			shellScript = "\"${SRCROOT}/Pods/Target Support Files/Pods-mi-iosTests/Pods-mi-iosTests-frameworks.sh\"\n";
			showEnvVarsInLog = 0;
		};
/* End PBXShellScriptBuildPhase section */

/* Begin PBXSourcesBuildPhase section */
		A73A4F791EC7346B00DBC07C /* Sources */ = {
			isa = PBXSourcesBuildPhase;
			buildActionMask = 2147483647;
			files = (
				A7B96D221EC8ABDE00037E56 /* GuideDetailAudioCell.swift in Sources */,
				A7B96D401EC8AC8C00037E56 /* PanoramaViewModel.swift in Sources */,
				A7B96D271EC8ABDE00037E56 /* CellAVPlayerViewController.swift in Sources */,
				A7B96D211EC8ABDE00037E56 /* GuideDetailImageCell.swift in Sources */,
				A7B96D231EC8ABDE00037E56 /* GuideDetailVideoCell.swift in Sources */,
				A7B96D311EC8AC0400037E56 /* MarkerInfoWindow.swift in Sources */,
				A7B96D301EC8AC0400037E56 /* GuideViewModel.swift in Sources */,
				A7B96D2F1EC8AC0400037E56 /* GuideViewController.swift in Sources */,
				A7B96D3D1EC8AC8C00037E56 /* Panorama.swift in Sources */,
				A73A4F811EC7346B00DBC07C /* AppDelegate.swift in Sources */,
				A7B96D331EC8AC0400037E56 /* Place.swift in Sources */,
				A73A4FB41EC8A88000DBC07C /* PlacePost.swift in Sources */,
				A73A4FB51EC8A88000DBC07C /* AudioObject.swift in Sources */,
				A7B96D4C1EC8AE5000037E56 /* UIImageExtension.swift in Sources */,
				A7B96D4F1EC8B07200037E56 /* GrayTheme.swift in Sources */,
				A7B96D511EC8B09000037E56 /* Global.swift in Sources */,
				A73A4FB31EC8A88000DBC07C /* GuideDetailViewModel.swift in Sources */,
				A73A4FB21EC8A88000DBC07C /* GuideDetailViewController.swift in Sources */,
				A7B96D201EC8ABDE00037E56 /* GuideDetailCell.swift in Sources */,
				A7B96D3E1EC8AC8C00037E56 /* PanoramaInfoPoint.swift in Sources */,
				A7B96D4D1EC8AE5000037E56 /* StringExtension.swift in Sources */,
				A7B96D3F1EC8AC8C00037E56 /* PanoramaViewController.swift in Sources */,
			);
			runOnlyForDeploymentPostprocessing = 0;
		};
		A73A4F8D1EC7346B00DBC07C /* Sources */ = {
			isa = PBXSourcesBuildPhase;
			buildActionMask = 2147483647;
			files = (
				A73A4F961EC7346B00DBC07C /* mi_iosTests.swift in Sources */,
			);
			runOnlyForDeploymentPostprocessing = 0;
		};
		A73A4F981EC7346B00DBC07C /* Sources */ = {
			isa = PBXSourcesBuildPhase;
			buildActionMask = 2147483647;
			files = (
				A73A4FA11EC7346B00DBC07C /* mi_iosUITests.swift in Sources */,
			);
			runOnlyForDeploymentPostprocessing = 0;
		};
/* End PBXSourcesBuildPhase section */

/* Begin PBXTargetDependency section */
		A73A4F931EC7346B00DBC07C /* PBXTargetDependency */ = {
			isa = PBXTargetDependency;
			target = A73A4F7C1EC7346B00DBC07C /* mi-ios */;
			targetProxy = A73A4F921EC7346B00DBC07C /* PBXContainerItemProxy */;
		};
		A73A4F9E1EC7346B00DBC07C /* PBXTargetDependency */ = {
			isa = PBXTargetDependency;
			target = A73A4F7C1EC7346B00DBC07C /* mi-ios */;
			targetProxy = A73A4F9D1EC7346B00DBC07C /* PBXContainerItemProxy */;
		};
/* End PBXTargetDependency section */

/* Begin PBXVariantGroup section */
		A73A4F841EC7346B00DBC07C /* Main.storyboard */ = {
			isa = PBXVariantGroup;
			children = (
				A73A4F851EC7346B00DBC07C /* Base */,
				A7B96D591EC8C91F00037E56 /* de */,
				A7B96D5B1EC8C92400037E56 /* cs */,
			);
			name = Main.storyboard;
			sourceTree = "<group>";
		};
		A73A4F891EC7346B00DBC07C /* LaunchScreen.storyboard */ = {
			isa = PBXVariantGroup;
			children = (
				A73A4F8A1EC7346B00DBC07C /* Base */,
				A7B96D5A1EC8C91F00037E56 /* de */,
				A7B96D5C1EC8C92400037E56 /* cs */,
			);
			name = LaunchScreen.storyboard;
			sourceTree = "<group>";
		};
/* End PBXVariantGroup section */

/* Begin XCBuildConfiguration section */
		A73A4FA31EC7346B00DBC07C /* Debug */ = {
			isa = XCBuildConfiguration;
			buildSettings = {
				ALWAYS_SEARCH_USER_PATHS = NO;
				CLANG_ANALYZER_LOCALIZABILITY_NONLOCALIZED = YES;
				CLANG_ANALYZER_NONNULL = YES;
				CLANG_ANALYZER_NUMBER_OBJECT_CONVERSION = YES_AGGRESSIVE;
				CLANG_CXX_LANGUAGE_STANDARD = "gnu++0x";
				CLANG_CXX_LIBRARY = "libc++";
				CLANG_ENABLE_MODULES = YES;
				CLANG_ENABLE_OBJC_ARC = YES;
				CLANG_WARN_BOOL_CONVERSION = YES;
				CLANG_WARN_CONSTANT_CONVERSION = YES;
				CLANG_WARN_DIRECT_OBJC_ISA_USAGE = YES_ERROR;
				CLANG_WARN_DOCUMENTATION_COMMENTS = YES;
				CLANG_WARN_EMPTY_BODY = YES;
				CLANG_WARN_ENUM_CONVERSION = YES;
				CLANG_WARN_INFINITE_RECURSION = YES;
				CLANG_WARN_INT_CONVERSION = YES;
				CLANG_WARN_OBJC_ROOT_CLASS = YES_ERROR;
				CLANG_WARN_SUSPICIOUS_MOVE = YES;
				CLANG_WARN_UNREACHABLE_CODE = YES;
				CLANG_WARN__DUPLICATE_METHOD_MATCH = YES;
				"CODE_SIGN_IDENTITY[sdk=iphoneos*]" = "iPhone Developer";
				COPY_PHASE_STRIP = NO;
				DEBUG_INFORMATION_FORMAT = dwarf;
				ENABLE_STRICT_OBJC_MSGSEND = YES;
				ENABLE_TESTABILITY = YES;
				GCC_C_LANGUAGE_STANDARD = gnu99;
				GCC_DYNAMIC_NO_PIC = NO;
				GCC_NO_COMMON_BLOCKS = YES;
				GCC_OPTIMIZATION_LEVEL = 0;
				GCC_PREPROCESSOR_DEFINITIONS = (
					"DEBUG=1",
					"$(inherited)",
				);
				GCC_WARN_64_TO_32_BIT_CONVERSION = YES;
				GCC_WARN_ABOUT_RETURN_TYPE = YES_ERROR;
				GCC_WARN_UNDECLARED_SELECTOR = YES;
				GCC_WARN_UNINITIALIZED_AUTOS = YES_AGGRESSIVE;
				GCC_WARN_UNUSED_FUNCTION = YES;
				GCC_WARN_UNUSED_VARIABLE = YES;
				IPHONEOS_DEPLOYMENT_TARGET = 10.3;
				MTL_ENABLE_DEBUG_INFO = YES;
				ONLY_ACTIVE_ARCH = YES;
				SDKROOT = iphoneos;
				SWIFT_ACTIVE_COMPILATION_CONDITIONS = DEBUG;
				SWIFT_OPTIMIZATION_LEVEL = "-Onone";
				TARGETED_DEVICE_FAMILY = "1,2";
			};
			name = Debug;
		};
		A73A4FA41EC7346B00DBC07C /* Release */ = {
			isa = XCBuildConfiguration;
			buildSettings = {
				ALWAYS_SEARCH_USER_PATHS = NO;
				CLANG_ANALYZER_LOCALIZABILITY_NONLOCALIZED = YES;
				CLANG_ANALYZER_NONNULL = YES;
				CLANG_ANALYZER_NUMBER_OBJECT_CONVERSION = YES_AGGRESSIVE;
				CLANG_CXX_LANGUAGE_STANDARD = "gnu++0x";
				CLANG_CXX_LIBRARY = "libc++";
				CLANG_ENABLE_MODULES = YES;
				CLANG_ENABLE_OBJC_ARC = YES;
				CLANG_WARN_BOOL_CONVERSION = YES;
				CLANG_WARN_CONSTANT_CONVERSION = YES;
				CLANG_WARN_DIRECT_OBJC_ISA_USAGE = YES_ERROR;
				CLANG_WARN_DOCUMENTATION_COMMENTS = YES;
				CLANG_WARN_EMPTY_BODY = YES;
				CLANG_WARN_ENUM_CONVERSION = YES;
				CLANG_WARN_INFINITE_RECURSION = YES;
				CLANG_WARN_INT_CONVERSION = YES;
				CLANG_WARN_OBJC_ROOT_CLASS = YES_ERROR;
				CLANG_WARN_SUSPICIOUS_MOVE = YES;
				CLANG_WARN_UNREACHABLE_CODE = YES;
				CLANG_WARN__DUPLICATE_METHOD_MATCH = YES;
				"CODE_SIGN_IDENTITY[sdk=iphoneos*]" = "iPhone Developer";
				COPY_PHASE_STRIP = NO;
				DEBUG_INFORMATION_FORMAT = "dwarf-with-dsym";
				ENABLE_NS_ASSERTIONS = NO;
				ENABLE_STRICT_OBJC_MSGSEND = YES;
				GCC_C_LANGUAGE_STANDARD = gnu99;
				GCC_NO_COMMON_BLOCKS = YES;
				GCC_WARN_64_TO_32_BIT_CONVERSION = YES;
				GCC_WARN_ABOUT_RETURN_TYPE = YES_ERROR;
				GCC_WARN_UNDECLARED_SELECTOR = YES;
				GCC_WARN_UNINITIALIZED_AUTOS = YES_AGGRESSIVE;
				GCC_WARN_UNUSED_FUNCTION = YES;
				GCC_WARN_UNUSED_VARIABLE = YES;
				IPHONEOS_DEPLOYMENT_TARGET = 10.3;
				MTL_ENABLE_DEBUG_INFO = NO;
				SDKROOT = iphoneos;
				SWIFT_OPTIMIZATION_LEVEL = "-Owholemodule";
				TARGETED_DEVICE_FAMILY = "1,2";
				VALIDATE_PRODUCT = YES;
			};
			name = Release;
		};
		A73A4FA61EC7346B00DBC07C /* Debug */ = {
			isa = XCBuildConfiguration;
			baseConfigurationReference = 07D6EF26FAD15A62B4FBB64F /* Pods-mi-ios.debug.xcconfig */;
			buildSettings = {
				ASSETCATALOG_COMPILER_APPICON_NAME = AppIcon;
				DEVELOPMENT_TEAM = QJB9777F5W;
				INFOPLIST_FILE = "mi-ios/Info.plist";
				IPHONEOS_DEPLOYMENT_TARGET = 10.0;
				LD_RUNPATH_SEARCH_PATHS = "$(inherited) @executable_path/Frameworks";
				PRODUCT_BUNDLE_IDENTIFIER = "com.jakubholik.mi-ios";
				PRODUCT_NAME = "$(TARGET_NAME)";
				SWIFT_OBJC_BRIDGING_HEADER = "mi-ios/mi-ios-Bridging-Header.h";
				SWIFT_VERSION = 3.0;
			};
			name = Debug;
		};
		A73A4FA71EC7346B00DBC07C /* Release */ = {
			isa = XCBuildConfiguration;
			baseConfigurationReference = FB63F9A317A46CECAFF61BBA /* Pods-mi-ios.release.xcconfig */;
			buildSettings = {
				ASSETCATALOG_COMPILER_APPICON_NAME = AppIcon;
				DEVELOPMENT_TEAM = QJB9777F5W;
				INFOPLIST_FILE = "mi-ios/Info.plist";
				IPHONEOS_DEPLOYMENT_TARGET = 10.0;
				LD_RUNPATH_SEARCH_PATHS = "$(inherited) @executable_path/Frameworks";
				PRODUCT_BUNDLE_IDENTIFIER = "com.jakubholik.mi-ios";
				PRODUCT_NAME = "$(TARGET_NAME)";
				SWIFT_OBJC_BRIDGING_HEADER = "mi-ios/mi-ios-Bridging-Header.h";
				SWIFT_VERSION = 3.0;
			};
			name = Release;
		};
		A73A4FA91EC7346B00DBC07C /* Debug */ = {
			isa = XCBuildConfiguration;
			baseConfigurationReference = E400BCF5DDF467A700AC52A8 /* Pods-mi-iosTests.debug.xcconfig */;
			buildSettings = {
				ALWAYS_EMBED_SWIFT_STANDARD_LIBRARIES = YES;
				BUNDLE_LOADER = "$(TEST_HOST)";
				DEVELOPMENT_TEAM = QJB9777F5W;
				INFOPLIST_FILE = "mi-iosTests/Info.plist";
				LD_RUNPATH_SEARCH_PATHS = "$(inherited) @executable_path/Frameworks @loader_path/Frameworks";
				PRODUCT_BUNDLE_IDENTIFIER = "com.jakubholik.mi-iosTests";
				PRODUCT_NAME = "$(TARGET_NAME)";
				SWIFT_VERSION = 3.0;
				TEST_HOST = "$(BUILT_PRODUCTS_DIR)/mi-ios.app/mi-ios";
			};
			name = Debug;
		};
		A73A4FAA1EC7346B00DBC07C /* Release */ = {
			isa = XCBuildConfiguration;
			baseConfigurationReference = BE232714397EF0FB76179819 /* Pods-mi-iosTests.release.xcconfig */;
			buildSettings = {
				ALWAYS_EMBED_SWIFT_STANDARD_LIBRARIES = YES;
				BUNDLE_LOADER = "$(TEST_HOST)";
				DEVELOPMENT_TEAM = QJB9777F5W;
				INFOPLIST_FILE = "mi-iosTests/Info.plist";
				LD_RUNPATH_SEARCH_PATHS = "$(inherited) @executable_path/Frameworks @loader_path/Frameworks";
				PRODUCT_BUNDLE_IDENTIFIER = "com.jakubholik.mi-iosTests";
				PRODUCT_NAME = "$(TARGET_NAME)";
				SWIFT_VERSION = 3.0;
				TEST_HOST = "$(BUILT_PRODUCTS_DIR)/mi-ios.app/mi-ios";
			};
			name = Release;
		};
		A73A4FAC1EC7346B00DBC07C /* Debug */ = {
			isa = XCBuildConfiguration;
			baseConfigurationReference = FAC367233225D54A41E9BD69 /* Pods-mi-iosUITests.debug.xcconfig */;
			buildSettings = {
				ALWAYS_EMBED_SWIFT_STANDARD_LIBRARIES = YES;
				DEVELOPMENT_TEAM = QJB9777F5W;
				INFOPLIST_FILE = "mi-iosUITests/Info.plist";
				LD_RUNPATH_SEARCH_PATHS = "$(inherited) @executable_path/Frameworks @loader_path/Frameworks";
				PRODUCT_BUNDLE_IDENTIFIER = "com.jakubholik.mi-iosUITests";
				PRODUCT_NAME = "$(TARGET_NAME)";
				SWIFT_VERSION = 3.0;
				TEST_TARGET_NAME = "mi-ios";
			};
			name = Debug;
		};
		A73A4FAD1EC7346B00DBC07C /* Release */ = {
			isa = XCBuildConfiguration;
			baseConfigurationReference = 6799A0B8A92EAB27B05BB2E4 /* Pods-mi-iosUITests.release.xcconfig */;
			buildSettings = {
				ALWAYS_EMBED_SWIFT_STANDARD_LIBRARIES = YES;
				DEVELOPMENT_TEAM = QJB9777F5W;
				INFOPLIST_FILE = "mi-iosUITests/Info.plist";
				LD_RUNPATH_SEARCH_PATHS = "$(inherited) @executable_path/Frameworks @loader_path/Frameworks";
				PRODUCT_BUNDLE_IDENTIFIER = "com.jakubholik.mi-iosUITests";
				PRODUCT_NAME = "$(TARGET_NAME)";
				SWIFT_VERSION = 3.0;
				TEST_TARGET_NAME = "mi-ios";
			};
			name = Release;
		};
/* End XCBuildConfiguration section */

/* Begin XCConfigurationList section */
		A73A4F781EC7346B00DBC07C /* Build configuration list for PBXProject "mi-ios" */ = {
			isa = XCConfigurationList;
			buildConfigurations = (
				A73A4FA31EC7346B00DBC07C /* Debug */,
				A73A4FA41EC7346B00DBC07C /* Release */,
			);
			defaultConfigurationIsVisible = 0;
			defaultConfigurationName = Release;
		};
		A73A4FA51EC7346B00DBC07C /* Build configuration list for PBXNativeTarget "mi-ios" */ = {
			isa = XCConfigurationList;
			buildConfigurations = (
				A73A4FA61EC7346B00DBC07C /* Debug */,
				A73A4FA71EC7346B00DBC07C /* Release */,
			);
			defaultConfigurationIsVisible = 0;
			defaultConfigurationName = Release;
		};
		A73A4FA81EC7346B00DBC07C /* Build configuration list for PBXNativeTarget "mi-iosTests" */ = {
			isa = XCConfigurationList;
			buildConfigurations = (
				A73A4FA91EC7346B00DBC07C /* Debug */,
				A73A4FAA1EC7346B00DBC07C /* Release */,
			);
			defaultConfigurationIsVisible = 0;
			defaultConfigurationName = Release;
		};
		A73A4FAB1EC7346B00DBC07C /* Build configuration list for PBXNativeTarget "mi-iosUITests" */ = {
			isa = XCConfigurationList;
			buildConfigurations = (
				A73A4FAC1EC7346B00DBC07C /* Debug */,
				A73A4FAD1EC7346B00DBC07C /* Release */,
			);
			defaultConfigurationIsVisible = 0;
			defaultConfigurationName = Release;
		};
/* End XCConfigurationList section */
	};
	rootObject = A73A4F751EC7346B00DBC07C /* Project object */;
}
